
Microsoft Visual Studio Solution File, Format Version 12.00
# Visual Studio Version 16
VisualStudioVersion = 16.0.30611.23
MinimumVisualStudioVersion = 10.0.40219.1
Project("{FAE04EC0-301F-11D3-BF4B-00C04F79EFBC}") = "dotNet5781_00_2382_5685", "dotNet5781_00_2382_5685\dotNet5781_00_2382_5685.csproj", "{29C8D5F5-FCE9-440E-865C-E1593252572A}"
EndProject
Project("{FAE04EC0-301F-11D3-BF4B-00C04F79EFBC}") = "dotNet5781_01_2382_5685", "dotNet5781_01_2382_5685\dotNet5781_01_2382_5685.csproj", "{989CC54A-83B3-45B1-A78E-BA2EFBD0B7B9}"
EndProject
Project("{FAE04EC0-301F-11D3-BF4B-00C04F79EFBC}") = "dotNet5781_02_2382_5685", "dotNet5781_02_2382_5685\dotNet5781_02_2382_5685.csproj", "{42C51A91-0BA0-4F35-AD75-D623E2791E84}"
EndProject
Project("{FAE04EC0-301F-11D3-BF4B-00C04F79EFBC}") = "dotNet5781_03A_2382_5685", "dotNet5781_03A_2382_5685\dotNet5781_03A_2382_5685.csproj", "{6ED7F2F3-5AC7-498F-826B-4DBE1EBD9A09}"
EndProject
Project("{FAE04EC0-301F-11D3-BF4B-00C04F79EFBC}") = "dotNet5781_03B_2382_5685", "dotNet5781_03B_2382_5685\dotNet5781_03B_2382_5685.csproj", "{FE24E6C7-B08D-477C-995D-2D8E35113C08}"
EndProject
Project("{FAE04EC0-301F-11D3-BF4B-00C04F79EFBC}") = "PLGui", "PlGui\PLGui.csproj", "{44962745-3960-447A-BD19-9EC8C2D30870}"
EndProject
Project("{FAE04EC0-301F-11D3-BF4B-00C04F79EFBC}") = "BL", "BL\BL.csproj", "{1949DA9F-D7A7-40D4-B436-EDEB2A60DCA6}"
EndProject
Project("{FAE04EC0-301F-11D3-BF4B-00C04F79EFBC}") = "DLAPI", "DalApi\DLAPI.csproj", "{B3E377AA-2E61-4E9D-B0DB-B3D7C7D0FD07}"
EndProject
Project("{FAE04EC0-301F-11D3-BF4B-00C04F79EFBC}") = "DLObject", "DalObject\DLObject.csproj", "{60C66F3F-54C4-4B5C-8CC2-9AEE04CA28FC}"
EndProject
Project("{FAE04EC0-301F-11D3-BF4B-00C04F79EFBC}") = "DS", "DS\DS.csproj", "{0AB2040F-DDC9-46D8-A5EE-6CBB908A3D00}"
EndProject
Global
	GlobalSection(SolutionConfigurationPlatforms) = preSolution
		Debug|Any CPU = Debug|Any CPU
		Release|Any CPU = Release|Any CPU
	EndGlobalSection
	GlobalSection(ProjectConfigurationPlatforms) = postSolution
		{29C8D5F5-FCE9-440E-865C-E1593252572A}.Debug|Any CPU.ActiveCfg = Debug|Any CPU
		{29C8D5F5-FCE9-440E-865C-E1593252572A}.Debug|Any CPU.Build.0 = Debug|Any CPU
		{29C8D5F5-FCE9-440E-865C-E1593252572A}.Release|Any CPU.ActiveCfg = Release|Any CPU
		{29C8D5F5-FCE9-440E-865C-E1593252572A}.Release|Any CPU.Build.0 = Release|Any CPU
		{989CC54A-83B3-45B1-A78E-BA2EFBD0B7B9}.Debug|Any CPU.ActiveCfg = Debug|Any CPU
		{989CC54A-83B3-45B1-A78E-BA2EFBD0B7B9}.Debug|Any CPU.Build.0 = Debug|Any CPU
		{989CC54A-83B3-45B1-A78E-BA2EFBD0B7B9}.Release|Any CPU.ActiveCfg = Release|Any CPU
		{989CC54A-83B3-45B1-A78E-BA2EFBD0B7B9}.Release|Any CPU.Build.0 = Release|Any CPU
		{42C51A91-0BA0-4F35-AD75-D623E2791E84}.Debug|Any CPU.ActiveCfg = Debug|Any CPU
		{42C51A91-0BA0-4F35-AD75-D623E2791E84}.Debug|Any CPU.Build.0 = Debug|Any CPU
		{42C51A91-0BA0-4F35-AD75-D623E2791E84}.Release|Any CPU.ActiveCfg = Release|Any CPU
		{42C51A91-0BA0-4F35-AD75-D623E2791E84}.Release|Any CPU.Build.0 = Release|Any CPU
		{6ED7F2F3-5AC7-498F-826B-4DBE1EBD9A09}.Debug|Any CPU.ActiveCfg = Debug|Any CPU
		{6ED7F2F3-5AC7-498F-826B-4DBE1EBD9A09}.Debug|Any CPU.Build.0 = Debug|Any CPU
		{6ED7F2F3-5AC7-498F-826B-4DBE1EBD9A09}.Release|Any CPU.ActiveCfg = Release|Any CPU
		{6ED7F2F3-5AC7-498F-826B-4DBE1EBD9A09}.Release|Any CPU.Build.0 = Release|Any CPU
		{FE24E6C7-B08D-477C-995D-2D8E35113C08}.Debug|Any CPU.ActiveCfg = Debug|Any CPU
		{FE24E6C7-B08D-477C-995D-2D8E35113C08}.Debug|Any CPU.Build.0 = Debug|Any CPU
		{FE24E6C7-B08D-477C-995D-2D8E35113C08}.Release|Any CPU.ActiveCfg = Release|Any CPU
		{FE24E6C7-B08D-477C-995D-2D8E35113C08}.Release|Any CPU.Build.0 = Release|Any CPU
		{44962745-3960-447A-BD19-9EC8C2D30870}.Debug|Any CPU.ActiveCfg = Debug|Any CPU
		{44962745-3960-447A-BD19-9EC8C2D30870}.Debug|Any CPU.Build.0 = Debug|Any CPU
		{44962745-3960-447A-BD19-9EC8C2D30870}.Release|Any CPU.ActiveCfg = Release|Any CPU
		{44962745-3960-447A-BD19-9EC8C2D30870}.Release|Any CPU.Build.0 = Release|Any CPU
		{1949DA9F-D7A7-40D4-B436-EDEB2A60DCA6}.Debug|Any CPU.ActiveCfg = Debug|Any CPU
		{1949DA9F-D7A7-40D4-B436-EDEB2A60DCA6}.Debug|Any CPU.Build.0 = Debug|Any CPU
		{1949DA9F-D7A7-40D4-B436-EDEB2A60DCA6}.Release|Any CPU.ActiveCfg = Release|Any CPU
		{1949DA9F-D7A7-40D4-B436-EDEB2A60DCA6}.Release|Any CPU.Build.0 = Release|Any CPU
		{B3E377AA-2E61-4E9D-B0DB-B3D7C7D0FD07}.Debug|Any CPU.ActiveCfg = Debug|Any CPU
		{B3E377AA-2E61-4E9D-B0DB-B3D7C7D0FD07}.Debug|Any CPU.Build.0 = Debug|Any CPU
		{B3E377AA-2E61-4E9D-B0DB-B3D7C7D0FD07}.Release|Any CPU.ActiveCfg = Release|Any CPU
		{B3E377AA-2E61-4E9D-B0DB-B3D7C7D0FD07}.Release|Any CPU.Build.0 = Release|Any CPU
		{60C66F3F-54C4-4B5C-8CC2-9AEE04CA28FC}.Debug|Any CPU.ActiveCfg = Debug|Any CPU
		{60C66F3F-54C4-4B5C-8CC2-9AEE04CA28FC}.Debug|Any CPU.Build.0 = Debug|Any CPU
		{60C66F3F-54C4-4B5C-8CC2-9AEE04CA28FC}.Release|Any CPU.ActiveCfg = Release|Any CPU
		{60C66F3F-54C4-4B5C-8CC2-9AEE04CA28FC}.Release|Any CPU.Build.0 = Release|Any CPU
		{0AB2040F-DDC9-46D8-A5EE-6CBB908A3D00}.Debug|Any CPU.ActiveCfg = Debug|Any CPU
		{0AB2040F-DDC9-46D8-A5EE-6CBB908A3D00}.Debug|Any CPU.Build.0 = Debug|Any CPU
		{0AB2040F-DDC9-46D8-A5EE-6CBB908A3D00}.Release|Any CPU.ActiveCfg = Release|Any CPU
		{0AB2040F-DDC9-46D8-A5EE-6CBB908A3D00}.Release|Any CPU.Build.0 = Release|Any CPU
	EndGlobalSection
	GlobalSection(SolutionProperties) = preSolution
		HideSolutionNode = FALSE
	EndGlobalSection
	GlobalSection(ExtensibilityGlobals) = postSolution
		SolutionGuid = {4A7A94A6-622B-40C5-8F44-B3180345CBF5}
	EndGlobalSection
EndGlobal
